
Microsoft Visual Studio Solution File, Format Version 12.00
# Visual Studio Version 17
VisualStudioVersion = 17.10.35013.160
MinimumVisualStudioVersion = 10.0.40219.1
Project("{FAE04EC0-301F-11D3-BF4B-00C04F79EFBC}") = "K21CNT2_NguyenHaiDang_2110900067_DATN", "K21CNT2_NguyenHaiDang_2110900067_DATN.csproj", "{0C261875-10D3-4EFC-89E4-F9E5DB683AF1}"
EndProject
Global
	GlobalSection(SolutionConfigurationPlatforms) = preSolution
		Debug|Any CPU = Debug|Any CPU
		Release|Any CPU = Release|Any CPU
	EndGlobalSection
	GlobalSection(ProjectConfigurationPlatforms) = postSolution
		{0C261875-10D3-4EFC-89E4-F9E5DB683AF1}.Debug|Any CPU.ActiveCfg = Debug|Any CPU
		{0C261875-10D3-4EFC-89E4-F9E5DB683AF1}.Debug|Any CPU.Build.0 = Debug|Any CPU
		{0C261875-10D3-4EFC-89E4-F9E5DB683AF1}.Release|Any CPU.ActiveCfg = Release|Any CPU
		{0C261875-10D3-4EFC-89E4-F9E5DB683AF1}.Release|Any CPU.Build.0 = Release|Any CPU
	EndGlobalSection
	GlobalSection(SolutionProperties) = preSolution
		HideSolutionNode = FALSE
	EndGlobalSection
	GlobalSection(ExtensibilityGlobals) = postSolution
		SolutionGuid = {32BD84A3-65AB-426A-B53F-2513C3A25C4F}
	EndGlobalSection
EndGlobal
